
Microsoft Visual Studio Solution File, Format Version 12.00
# Visual Studio Version 17
VisualStudioVersion = 17.14.36401.2
MinimumVisualStudioVersion = 10.0.40219.1
Project("{FAE04EC0-301F-11D3-BF4B-00C04F79EFBC}") = "Api_factura", "Api_factura\Api_factura.csproj", "{67C30FD7-FDEB-4019-BB7B-2390FDD91A05}"
EndProject
Project("{FAE04EC0-301F-11D3-BF4B-00C04F79EFBC}") = "facturaApp", "..\..\..\Act_01_2025\facturaApp\facturaApp.csproj", "{076AF0B5-A3BC-87AE-7CCA-F1198823EA93}"
EndProject
Global
	GlobalSection(SolutionConfigurationPlatforms) = preSolution
		Debug|Any CPU = Debug|Any CPU
		Release|Any CPU = Release|Any CPU
	EndGlobalSection
	GlobalSection(ProjectConfigurationPlatforms) = postSolution
		{67C30FD7-FDEB-4019-BB7B-2390FDD91A05}.Debug|Any CPU.ActiveCfg = Debug|Any CPU
		{67C30FD7-FDEB-4019-BB7B-2390FDD91A05}.Debug|Any CPU.Build.0 = Debug|Any CPU
		{67C30FD7-FDEB-4019-BB7B-2390FDD91A05}.Release|Any CPU.ActiveCfg = Release|Any CPU
		{67C30FD7-FDEB-4019-BB7B-2390FDD91A05}.Release|Any CPU.Build.0 = Release|Any CPU
		{076AF0B5-A3BC-87AE-7CCA-F1198823EA93}.Debug|Any CPU.ActiveCfg = Debug|Any CPU
		{076AF0B5-A3BC-87AE-7CCA-F1198823EA93}.Debug|Any CPU.Build.0 = Debug|Any CPU
		{076AF0B5-A3BC-87AE-7CCA-F1198823EA93}.Release|Any CPU.ActiveCfg = Release|Any CPU
		{076AF0B5-A3BC-87AE-7CCA-F1198823EA93}.Release|Any CPU.Build.0 = Release|Any CPU
	EndGlobalSection
	GlobalSection(SolutionProperties) = preSolution
		HideSolutionNode = FALSE
	EndGlobalSection
	GlobalSection(ExtensibilityGlobals) = postSolution
		SolutionGuid = {3D2A5602-F7B5-4026-ADD1-0284572318B3}
	EndGlobalSection
EndGlobal
